
Microsoft Visual Studio Solution File, Format Version 12.00
# Visual Studio Version 17
VisualStudioVersion = 17.0.32014.148
MinimumVisualStudioVersion = 10.0.40219.1
Project("{FAE04EC0-301F-11D3-BF4B-00C04F79EFBC}") = "CORSDemo", "CORSDemo\CORSDemo.csproj", "{28BF9C67-3DFA-4A57-ABBE-42FA767F850D}"
EndProject
Global
	GlobalSection(SolutionConfigurationPlatforms) = preSolution
		Debug|Any CPU = Debug|Any CPU
		Release|Any CPU = Release|Any CPU
	EndGlobalSection
	GlobalSection(ProjectConfigurationPlatforms) = postSolution
		{28BF9C67-3DFA-4A57-ABBE-42FA767F850D}.Debug|Any CPU.ActiveCfg = Debug|Any CPU
		{28BF9C67-3DFA-4A57-ABBE-42FA767F850D}.Debug|Any CPU.Build.0 = Debug|Any CPU
		{28BF9C67-3DFA-4A57-ABBE-42FA767F850D}.Release|Any CPU.ActiveCfg = Release|Any CPU
		{28BF9C67-3DFA-4A57-ABBE-42FA767F850D}.Release|Any CPU.Build.0 = Release|Any CPU
	EndGlobalSection
	GlobalSection(SolutionProperties) = preSolution
		HideSolutionNode = FALSE
	EndGlobalSection
	GlobalSection(ExtensibilityGlobals) = postSolution
		SolutionGuid = {44632F4A-BF59-4C82-AE69-935C5E47CE94}
	EndGlobalSection
EndGlobal
